// !$*UTF8*$!
{
	archiveVersion = 1;
	classes = {
	};
	objectVersion = 56;
	objects = {

/* Begin PBXBuildFile section */
		0B02B9762A6928DD008CFC48 /* CastModel.swift in Sources */ = {isa = PBXBuildFile; fileRef = 0B02B9752A6928DD008CFC48 /* CastModel.swift */; };
		0B02B9782A692B1C008CFC48 /* CrewModel.swift in Sources */ = {isa = PBXBuildFile; fileRef = 0B02B9772A692B1C008CFC48 /* CrewModel.swift */; };
		0B02B97A2A692BBF008CFC48 /* CastCrewResponse.swift in Sources */ = {isa = PBXBuildFile; fileRef = 0B02B9792A692BBF008CFC48 /* CastCrewResponse.swift */; };
		0B02B97C2A693CD1008CFC48 /* CastCrewCell.swift in Sources */ = {isa = PBXBuildFile; fileRef = 0B02B97B2A693CD1008CFC48 /* CastCrewCell.swift */; };
		0B02B97E2A6942AC008CFC48 /* CastListView.swift in Sources */ = {isa = PBXBuildFile; fileRef = 0B02B97D2A6942AC008CFC48 /* CastListView.swift */; };
		0B02B9802A694D10008CFC48 /* MovieDescriptionView.swift in Sources */ = {isa = PBXBuildFile; fileRef = 0B02B97F2A694D10008CFC48 /* MovieDescriptionView.swift */; };
		0B02B9822A697937008CFC48 /* CrewListView.swift in Sources */ = {isa = PBXBuildFile; fileRef = 0B02B9812A697937008CFC48 /* CrewListView.swift */; };
		0B0D30452A5EFAA900A52315 /* GenreListViewController.swift in Sources */ = {isa = PBXBuildFile; fileRef = 0B0D30442A5EFAA900A52315 /* GenreListViewController.swift */; };
		0B4772FA2A48255D0022F475 /* AppLabel.swift in Sources */ = {isa = PBXBuildFile; fileRef = 0B4772F92A48255D0022F475 /* AppLabel.swift */; };
		0B4772FC2A4826670022F475 /* Typography.swift in Sources */ = {isa = PBXBuildFile; fileRef = 0B4772FB2A4826670022F475 /* Typography.swift */; };
		0B4772FF2A4835C60022F475 /* SnapKit in Frameworks */ = {isa = PBXBuildFile; productRef = 0B4772FE2A4835C60022F475 /* SnapKit */; };
		0B4773022A4835D80022F475 /* Alamofire in Frameworks */ = {isa = PBXBuildFile; productRef = 0B4773012A4835D80022F475 /* Alamofire */; };
		0B4773052A4835E80022F475 /* AlamofireImage in Frameworks */ = {isa = PBXBuildFile; productRef = 0B4773042A4835E80022F475 /* AlamofireImage */; };
		0B47730E2A4837EF0022F475 /* MainViewController.swift in Sources */ = {isa = PBXBuildFile; fileRef = 0B47730D2A4837EF0022F475 /* MainViewController.swift */; };
		0B4773112A4838090022F475 /* MainViewModel.swift in Sources */ = {isa = PBXBuildFile; fileRef = 0B4773102A4838090022F475 /* MainViewModel.swift */; };
		0B4773152A4839890022F475 /* SettingsViewModel.swift in Sources */ = {isa = PBXBuildFile; fileRef = 0B4773142A4839890022F475 /* SettingsViewModel.swift */; };
		0B4773172A4839F50022F475 /* SettingsViewController.swift in Sources */ = {isa = PBXBuildFile; fileRef = 0B4773162A4839F50022F475 /* SettingsViewController.swift */; };
		0B47731C2A483A8D0022F475 /* FavouriteViewModel.swift in Sources */ = {isa = PBXBuildFile; fileRef = 0B47731B2A483A8D0022F475 /* FavouriteViewModel.swift */; };
		0B47731E2A483ABB0022F475 /* FavouriteViewController.swift in Sources */ = {isa = PBXBuildFile; fileRef = 0B47731D2A483ABB0022F475 /* FavouriteViewController.swift */; };
		0B4E729B2A59AA76008C780D /* Localizable.strings in Resources */ = {isa = PBXBuildFile; fileRef = 0B4E729D2A59AA76008C780D /* Localizable.strings */; };
		0B4E72A02A59ACB1008C780D /* LocalizableExtension.swift in Sources */ = {isa = PBXBuildFile; fileRef = 0B4E729F2A59ACB1008C780D /* LocalizableExtension.swift */; };
		0B4E72A22A59AF12008C780D /* LocalizableKeys.swift in Sources */ = {isa = PBXBuildFile; fileRef = 0B4E72A12A59AF12008C780D /* LocalizableKeys.swift */; };
		0B6A71A62A39D7A400BB0484 /* AppTheme.swift in Sources */ = {isa = PBXBuildFile; fileRef = 0B6A71A52A39D7A400BB0484 /* AppTheme.swift */; };
		0B6A71A82A39D88B00BB0484 /* ThemeColor.swift in Sources */ = {isa = PBXBuildFile; fileRef = 0B6A71A72A39D88B00BB0484 /* ThemeColor.swift */; };
		0B6A71AA2A39E09F00BB0484 /* AppLightColor.swift in Sources */ = {isa = PBXBuildFile; fileRef = 0B6A71A92A39E09F00BB0484 /* AppLightColor.swift */; };
		0B6A71AC2A39E9C500BB0484 /* AppDarkColor.swift in Sources */ = {isa = PBXBuildFile; fileRef = 0B6A71AB2A39E9C500BB0484 /* AppDarkColor.swift */; };
		0B6A71AF2A39F0F700BB0484 /* ColorExtension.swift in Sources */ = {isa = PBXBuildFile; fileRef = 0B6A71AE2A39F0F700BB0484 /* ColorExtension.swift */; };
		0B8A26332A643C9000E7ED5B /* LanguageTypeManager.swift in Sources */ = {isa = PBXBuildFile; fileRef = 0B8A26322A643C9000E7ED5B /* LanguageTypeManager.swift */; };
		0B8A26362A64564800E7ED5B /* NotificationCenterExtension.swift in Sources */ = {isa = PBXBuildFile; fileRef = 0B8A26352A64564800E7ED5B /* NotificationCenterExtension.swift */; };
		0B8FB3E82A5BE5F100B593A2 /* MovieListViewModel.swift in Sources */ = {isa = PBXBuildFile; fileRef = 0B8FB3E72A5BE5F100B593A2 /* MovieListViewModel.swift */; };
		0B8FB3EA2A5BE62D00B593A2 /* MovieListViewController.swift in Sources */ = {isa = PBXBuildFile; fileRef = 0B8FB3E92A5BE62D00B593A2 /* MovieListViewController.swift */; };
		0B8FB3ED2A5BEB6C00B593A2 /* TitleView.swift in Sources */ = {isa = PBXBuildFile; fileRef = 0B8FB3EC2A5BEB6C00B593A2 /* TitleView.swift */; };
		0B8FB3F02A5C348C00B593A2 /* MovieListType.swift in Sources */ = {isa = PBXBuildFile; fileRef = 0B8FB3EF2A5C348C00B593A2 /* MovieListType.swift */; };
		0B8FB3F22A5C3C0E00B593A2 /* MovieImageCell.swift in Sources */ = {isa = PBXBuildFile; fileRef = 0B8FB3F12A5C3C0E00B593A2 /* MovieImageCell.swift */; };
		0B8FB3F52A5C442C00B593A2 /* CHTCollectionViewWaterfallLayout in Frameworks */ = {isa = PBXBuildFile; productRef = 0B8FB3F42A5C442C00B593A2 /* CHTCollectionViewWaterfallLayout */; };
		0B8FB3F82A5C4E4200B593A2 /* PaginationLoadingCell.swift in Sources */ = {isa = PBXBuildFile; fileRef = 0B8FB3F72A5C4E4200B593A2 /* PaginationLoadingCell.swift */; };
		0B9CB50C2A66E772008ECFE1 /* MovieDetailViewModel.swift in Sources */ = {isa = PBXBuildFile; fileRef = 0B9CB50B2A66E772008ECFE1 /* MovieDetailViewModel.swift */; };
		0B9CB50E2A66E7E2008ECFE1 /* MovieDetailViewController.swift in Sources */ = {isa = PBXBuildFile; fileRef = 0B9CB50D2A66E7E2008ECFE1 /* MovieDetailViewController.swift */; };
		0B9CB5102A66EA79008ECFE1 /* CoreViewControllerExtension.swift in Sources */ = {isa = PBXBuildFile; fileRef = 0B9CB50F2A66EA79008ECFE1 /* CoreViewControllerExtension.swift */; };
		0B9CB5122A66F506008ECFE1 /* MovieDetailResponse.swift in Sources */ = {isa = PBXBuildFile; fileRef = 0B9CB5112A66F506008ECFE1 /* MovieDetailResponse.swift */; };
		0B9DA7B02A5FF199000F52D6 /* SettingOptionList.swift in Sources */ = {isa = PBXBuildFile; fileRef = 0B9DA7AF2A5FF199000F52D6 /* SettingOptionList.swift */; };
		0B9DA7B42A5FF85B000F52D6 /* RadioOptionCell.swift in Sources */ = {isa = PBXBuildFile; fileRef = 0B9DA7B32A5FF85B000F52D6 /* RadioOptionCell.swift */; };
		0B9DA7B62A601A7A000F52D6 /* LanguageType.swift in Sources */ = {isa = PBXBuildFile; fileRef = 0B9DA7B52A601A7A000F52D6 /* LanguageType.swift */; };
		0B9DA7B82A601B54000F52D6 /* RegionType.swift in Sources */ = {isa = PBXBuildFile; fileRef = 0B9DA7B72A601B54000F52D6 /* RegionType.swift */; };
		0B9DA7BA2A601C72000F52D6 /* RegionManager.swift in Sources */ = {isa = PBXBuildFile; fileRef = 0B9DA7B92A601C72000F52D6 /* RegionManager.swift */; };
		0BCDBB962A680F6D0078A590 /* MovieImageView.swift in Sources */ = {isa = PBXBuildFile; fileRef = 0BCDBB952A680F6D0078A590 /* MovieImageView.swift */; };
		0BCDBB982A68165F0078A590 /* DetailTopView.swift in Sources */ = {isa = PBXBuildFile; fileRef = 0BCDBB972A68165F0078A590 /* DetailTopView.swift */; };
		0BCDBB9A2A68468C0078A590 /* StringExtension.swift in Sources */ = {isa = PBXBuildFile; fileRef = 0BCDBB992A68468C0078A590 /* StringExtension.swift */; };
		0BD597E72A55633400357D8A /* AppConstant.swift in Sources */ = {isa = PBXBuildFile; fileRef = 0BD597E62A55633400357D8A /* AppConstant.swift */; };
		0BD597E92A55753500357D8A /* MovieSmallHorizontalList.swift in Sources */ = {isa = PBXBuildFile; fileRef = 0BD597E82A55753500357D8A /* MovieSmallHorizontalList.swift */; };
		0BD597EB2A55770E00357D8A /* MovieSmallCollectionCell.swift in Sources */ = {isa = PBXBuildFile; fileRef = 0BD597EA2A55770E00357D8A /* MovieSmallCollectionCell.swift */; };
		0BD909CC2A518ACD00760F07 /* MovieHorizontalPageList.swift in Sources */ = {isa = PBXBuildFile; fileRef = 0BD909CB2A518ACD00760F07 /* MovieHorizontalPageList.swift */; };
		0BD909CF2A519B8200760F07 /* MovieService.swift in Sources */ = {isa = PBXBuildFile; fileRef = 0BD909CE2A519B8200760F07 /* MovieService.swift */; };
		0BD909D12A519BFD00760F07 /* NetworkError.swift in Sources */ = {isa = PBXBuildFile; fileRef = 0BD909D02A519BFD00760F07 /* NetworkError.swift */; };
		0BD909D62A51A3BF00760F07 /* Constant.swift in Sources */ = {isa = PBXBuildFile; fileRef = 0BD909D52A51A3BF00760F07 /* Constant.swift */; };
		0BD909D92A51AAB100760F07 /* MovieModel.swift in Sources */ = {isa = PBXBuildFile; fileRef = 0BD909D82A51AAB100760F07 /* MovieModel.swift */; };
		0BD909DC2A51AFF000760F07 /* MovieListResponse.swift in Sources */ = {isa = PBXBuildFile; fileRef = 0BD909DB2A51AFF000760F07 /* MovieListResponse.swift */; };
		0BD909DE2A51B84700760F07 /* MovieServicePath.swift in Sources */ = {isa = PBXBuildFile; fileRef = 0BD909DD2A51B84700760F07 /* MovieServicePath.swift */; };
		0BD909E12A51C30500760F07 /* AlamofireNetworkActivityLogger in Frameworks */ = {isa = PBXBuildFile; productRef = 0BD909E02A51C30500760F07 /* AlamofireNetworkActivityLogger */; };
		0BE6277E2A3CA56900475D95 /* ObservableObject.swift in Sources */ = {isa = PBXBuildFile; fileRef = 0BE6277D2A3CA56900475D95 /* ObservableObject.swift */; };
		0BE627802A3CA74200475D95 /* HomeViewModel.swift in Sources */ = {isa = PBXBuildFile; fileRef = 0BE6277F2A3CA74200475D95 /* HomeViewModel.swift */; };
		0BE627842A3CA88E00475D95 /* CoreViewController.swift in Sources */ = {isa = PBXBuildFile; fileRef = 0BE627832A3CA88E00475D95 /* CoreViewController.swift */; };
		0BE627862A3CAB8000475D95 /* CoreViewModel.swift in Sources */ = {isa = PBXBuildFile; fileRef = 0BE627852A3CAB8000475D95 /* CoreViewModel.swift */; };
		0BE824BE2A5D81F200D81751 /* GenreModel.swift in Sources */ = {isa = PBXBuildFile; fileRef = 0BE824BD2A5D81F200D81751 /* GenreModel.swift */; };
		0BE824C02A5D828800D81751 /* GenreListResponse.swift in Sources */ = {isa = PBXBuildFile; fileRef = 0BE824BF2A5D828800D81751 /* GenreListResponse.swift */; };
		0BE824C22A5DA10F00D81751 /* GenreCell.swift in Sources */ = {isa = PBXBuildFile; fileRef = 0BE824C12A5DA10F00D81751 /* GenreCell.swift */; };
		0BFA06622A52C7740082109F /* MovieLargeCollectionCell.swift in Sources */ = {isa = PBXBuildFile; fileRef = 0BFA06612A52C7740082109F /* MovieLargeCollectionCell.swift */; };
		0BFA06642A52D19A0082109F /* ObservableList.swift in Sources */ = {isa = PBXBuildFile; fileRef = 0BFA06632A52D19A0082109F /* ObservableList.swift */; };
		0BFBF0F42A3719A5008BE188 /* AppDelegate.swift in Sources */ = {isa = PBXBuildFile; fileRef = 0BFBF0F32A3719A5008BE188 /* AppDelegate.swift */; };
		0BFBF0F62A3719A5008BE188 /* SceneDelegate.swift in Sources */ = {isa = PBXBuildFile; fileRef = 0BFBF0F52A3719A5008BE188 /* SceneDelegate.swift */; };
		0BFBF0FB2A3719A5008BE188 /* Main.storyboard in Resources */ = {isa = PBXBuildFile; fileRef = 0BFBF0F92A3719A5008BE188 /* Main.storyboard */; };
		0BFBF0FD2A3719A5008BE188 /* Assets.xcassets in Resources */ = {isa = PBXBuildFile; fileRef = 0BFBF0FC2A3719A5008BE188 /* Assets.xcassets */; };
		0BFBF1002A3719A5008BE188 /* LaunchScreen.storyboard in Resources */ = {isa = PBXBuildFile; fileRef = 0BFBF0FE2A3719A5008BE188 /* LaunchScreen.storyboard */; };
		0BFBF10B2A3719A5008BE188 /* CinemaTrackerTests.swift in Sources */ = {isa = PBXBuildFile; fileRef = 0BFBF10A2A3719A5008BE188 /* CinemaTrackerTests.swift */; };
		0BFBF1152A3719A5008BE188 /* CinemaTrackerUITests.swift in Sources */ = {isa = PBXBuildFile; fileRef = 0BFBF1142A3719A5008BE188 /* CinemaTrackerUITests.swift */; };
		0BFBF1172A3719A5008BE188 /* CinemaTrackerUITestsLaunchTests.swift in Sources */ = {isa = PBXBuildFile; fileRef = 0BFBF1162A3719A5008BE188 /* CinemaTrackerUITestsLaunchTests.swift */; };
		0BFBF12F2A371AC2008BE188 /* HomeViewController.swift in Sources */ = {isa = PBXBuildFile; fileRef = 0BFBF12E2A371AC2008BE188 /* HomeViewController.swift */; };
/* End PBXBuildFile section */

/* Begin PBXContainerItemProxy section */
		0BFBF1072A3719A5008BE188 /* PBXContainerItemProxy */ = {
			isa = PBXContainerItemProxy;
			containerPortal = 0BFBF0E82A3719A4008BE188 /* Project object */;
			proxyType = 1;
			remoteGlobalIDString = 0BFBF0EF2A3719A5008BE188;
			remoteInfo = CinemaTracker;
		};
		0BFBF1112A3719A5008BE188 /* PBXContainerItemProxy */ = {
			isa = PBXContainerItemProxy;
			containerPortal = 0BFBF0E82A3719A4008BE188 /* Project object */;
			proxyType = 1;
			remoteGlobalIDString = 0BFBF0EF2A3719A5008BE188;
			remoteInfo = CinemaTracker;
		};
/* End PBXContainerItemProxy section */

/* Begin PBXFileReference section */
		0B02B9752A6928DD008CFC48 /* CastModel.swift */ = {isa = PBXFileReference; lastKnownFileType = sourcecode.swift; path = CastModel.swift; sourceTree = "<group>"; };
		0B02B9772A692B1C008CFC48 /* CrewModel.swift */ = {isa = PBXFileReference; lastKnownFileType = sourcecode.swift; path = CrewModel.swift; sourceTree = "<group>"; };
		0B02B9792A692BBF008CFC48 /* CastCrewResponse.swift */ = {isa = PBXFileReference; lastKnownFileType = sourcecode.swift; path = CastCrewResponse.swift; sourceTree = "<group>"; };
		0B02B97B2A693CD1008CFC48 /* CastCrewCell.swift */ = {isa = PBXFileReference; lastKnownFileType = sourcecode.swift; path = CastCrewCell.swift; sourceTree = "<group>"; };
		0B02B97D2A6942AC008CFC48 /* CastListView.swift */ = {isa = PBXFileReference; lastKnownFileType = sourcecode.swift; path = CastListView.swift; sourceTree = "<group>"; };
		0B02B97F2A694D10008CFC48 /* MovieDescriptionView.swift */ = {isa = PBXFileReference; lastKnownFileType = sourcecode.swift; path = MovieDescriptionView.swift; sourceTree = "<group>"; };
		0B02B9812A697937008CFC48 /* CrewListView.swift */ = {isa = PBXFileReference; lastKnownFileType = sourcecode.swift; path = CrewListView.swift; sourceTree = "<group>"; };
		0B0D30442A5EFAA900A52315 /* GenreListViewController.swift */ = {isa = PBXFileReference; lastKnownFileType = sourcecode.swift; path = GenreListViewController.swift; sourceTree = "<group>"; };
		0B4772F92A48255D0022F475 /* AppLabel.swift */ = {isa = PBXFileReference; lastKnownFileType = sourcecode.swift; path = AppLabel.swift; sourceTree = "<group>"; };
		0B4772FB2A4826670022F475 /* Typography.swift */ = {isa = PBXFileReference; lastKnownFileType = sourcecode.swift; path = Typography.swift; sourceTree = "<group>"; };
		0B47730D2A4837EF0022F475 /* MainViewController.swift */ = {isa = PBXFileReference; lastKnownFileType = sourcecode.swift; path = MainViewController.swift; sourceTree = "<group>"; };
		0B4773102A4838090022F475 /* MainViewModel.swift */ = {isa = PBXFileReference; lastKnownFileType = sourcecode.swift; path = MainViewModel.swift; sourceTree = "<group>"; };
		0B4773142A4839890022F475 /* SettingsViewModel.swift */ = {isa = PBXFileReference; lastKnownFileType = sourcecode.swift; path = SettingsViewModel.swift; sourceTree = "<group>"; };
		0B4773162A4839F50022F475 /* SettingsViewController.swift */ = {isa = PBXFileReference; lastKnownFileType = sourcecode.swift; path = SettingsViewController.swift; sourceTree = "<group>"; };
		0B47731B2A483A8D0022F475 /* FavouriteViewModel.swift */ = {isa = PBXFileReference; lastKnownFileType = sourcecode.swift; path = FavouriteViewModel.swift; sourceTree = "<group>"; };
		0B47731D2A483ABB0022F475 /* FavouriteViewController.swift */ = {isa = PBXFileReference; lastKnownFileType = sourcecode.swift; path = FavouriteViewController.swift; sourceTree = "<group>"; };
		0B4E729C2A59AA76008C780D /* en */ = {isa = PBXFileReference; lastKnownFileType = text.plist.strings; name = en; path = en.lproj/Localizable.strings; sourceTree = "<group>"; };
		0B4E729E2A59AAA6008C780D /* tr */ = {isa = PBXFileReference; lastKnownFileType = text.plist.strings; name = tr; path = tr.lproj/Localizable.strings; sourceTree = "<group>"; };
		0B4E729F2A59ACB1008C780D /* LocalizableExtension.swift */ = {isa = PBXFileReference; lastKnownFileType = sourcecode.swift; path = LocalizableExtension.swift; sourceTree = "<group>"; };
		0B4E72A12A59AF12008C780D /* LocalizableKeys.swift */ = {isa = PBXFileReference; lastKnownFileType = sourcecode.swift; path = LocalizableKeys.swift; sourceTree = "<group>"; };
		0B6A71A52A39D7A400BB0484 /* AppTheme.swift */ = {isa = PBXFileReference; lastKnownFileType = sourcecode.swift; path = AppTheme.swift; sourceTree = "<group>"; };
		0B6A71A72A39D88B00BB0484 /* ThemeColor.swift */ = {isa = PBXFileReference; lastKnownFileType = sourcecode.swift; path = ThemeColor.swift; sourceTree = "<group>"; };
		0B6A71A92A39E09F00BB0484 /* AppLightColor.swift */ = {isa = PBXFileReference; lastKnownFileType = sourcecode.swift; path = AppLightColor.swift; sourceTree = "<group>"; };
		0B6A71AB2A39E9C500BB0484 /* AppDarkColor.swift */ = {isa = PBXFileReference; lastKnownFileType = sourcecode.swift; path = AppDarkColor.swift; sourceTree = "<group>"; };
		0B6A71AE2A39F0F700BB0484 /* ColorExtension.swift */ = {isa = PBXFileReference; lastKnownFileType = sourcecode.swift; path = ColorExtension.swift; sourceTree = "<group>"; };
		0B8A26322A643C9000E7ED5B /* LanguageTypeManager.swift */ = {isa = PBXFileReference; lastKnownFileType = sourcecode.swift; path = LanguageTypeManager.swift; sourceTree = "<group>"; };
		0B8A26352A64564800E7ED5B /* NotificationCenterExtension.swift */ = {isa = PBXFileReference; lastKnownFileType = sourcecode.swift; path = NotificationCenterExtension.swift; sourceTree = "<group>"; };
		0B8FB3E72A5BE5F100B593A2 /* MovieListViewModel.swift */ = {isa = PBXFileReference; lastKnownFileType = sourcecode.swift; path = MovieListViewModel.swift; sourceTree = "<group>"; };
		0B8FB3E92A5BE62D00B593A2 /* MovieListViewController.swift */ = {isa = PBXFileReference; lastKnownFileType = sourcecode.swift; path = MovieListViewController.swift; sourceTree = "<group>"; };
		0B8FB3EC2A5BEB6C00B593A2 /* TitleView.swift */ = {isa = PBXFileReference; lastKnownFileType = sourcecode.swift; path = TitleView.swift; sourceTree = "<group>"; };
		0B8FB3EF2A5C348C00B593A2 /* MovieListType.swift */ = {isa = PBXFileReference; lastKnownFileType = sourcecode.swift; path = MovieListType.swift; sourceTree = "<group>"; };
		0B8FB3F12A5C3C0E00B593A2 /* MovieImageCell.swift */ = {isa = PBXFileReference; lastKnownFileType = sourcecode.swift; path = MovieImageCell.swift; sourceTree = "<group>"; };
		0B8FB3F72A5C4E4200B593A2 /* PaginationLoadingCell.swift */ = {isa = PBXFileReference; lastKnownFileType = sourcecode.swift; path = PaginationLoadingCell.swift; sourceTree = "<group>"; };
		0B9CB50B2A66E772008ECFE1 /* MovieDetailViewModel.swift */ = {isa = PBXFileReference; lastKnownFileType = sourcecode.swift; path = MovieDetailViewModel.swift; sourceTree = "<group>"; };
		0B9CB50D2A66E7E2008ECFE1 /* MovieDetailViewController.swift */ = {isa = PBXFileReference; lastKnownFileType = sourcecode.swift; path = MovieDetailViewController.swift; sourceTree = "<group>"; };
		0B9CB50F2A66EA79008ECFE1 /* CoreViewControllerExtension.swift */ = {isa = PBXFileReference; lastKnownFileType = sourcecode.swift; path = CoreViewControllerExtension.swift; sourceTree = "<group>"; };
		0B9CB5112A66F506008ECFE1 /* MovieDetailResponse.swift */ = {isa = PBXFileReference; lastKnownFileType = sourcecode.swift; path = MovieDetailResponse.swift; sourceTree = "<group>"; };
		0B9DA7AF2A5FF199000F52D6 /* SettingOptionList.swift */ = {isa = PBXFileReference; lastKnownFileType = sourcecode.swift; path = SettingOptionList.swift; sourceTree = "<group>"; };
		0B9DA7B32A5FF85B000F52D6 /* RadioOptionCell.swift */ = {isa = PBXFileReference; lastKnownFileType = sourcecode.swift; path = RadioOptionCell.swift; sourceTree = "<group>"; };
		0B9DA7B52A601A7A000F52D6 /* LanguageType.swift */ = {isa = PBXFileReference; lastKnownFileType = sourcecode.swift; path = LanguageType.swift; sourceTree = "<group>"; };
		0B9DA7B72A601B54000F52D6 /* RegionType.swift */ = {isa = PBXFileReference; lastKnownFileType = sourcecode.swift; path = RegionType.swift; sourceTree = "<group>"; };
		0B9DA7B92A601C72000F52D6 /* RegionManager.swift */ = {isa = PBXFileReference; lastKnownFileType = sourcecode.swift; path = RegionManager.swift; sourceTree = "<group>"; };
		0BCDBB952A680F6D0078A590 /* MovieImageView.swift */ = {isa = PBXFileReference; lastKnownFileType = sourcecode.swift; path = MovieImageView.swift; sourceTree = "<group>"; };
		0BCDBB972A68165F0078A590 /* DetailTopView.swift */ = {isa = PBXFileReference; lastKnownFileType = sourcecode.swift; path = DetailTopView.swift; sourceTree = "<group>"; };
		0BCDBB992A68468C0078A590 /* StringExtension.swift */ = {isa = PBXFileReference; lastKnownFileType = sourcecode.swift; path = StringExtension.swift; sourceTree = "<group>"; };
		0BD597E62A55633400357D8A /* AppConstant.swift */ = {isa = PBXFileReference; lastKnownFileType = sourcecode.swift; path = AppConstant.swift; sourceTree = "<group>"; };
		0BD597E82A55753500357D8A /* MovieSmallHorizontalList.swift */ = {isa = PBXFileReference; lastKnownFileType = sourcecode.swift; path = MovieSmallHorizontalList.swift; sourceTree = "<group>"; };
		0BD597EA2A55770E00357D8A /* MovieSmallCollectionCell.swift */ = {isa = PBXFileReference; lastKnownFileType = sourcecode.swift; path = MovieSmallCollectionCell.swift; sourceTree = "<group>"; };
		0BD909CB2A518ACD00760F07 /* MovieHorizontalPageList.swift */ = {isa = PBXFileReference; lastKnownFileType = sourcecode.swift; path = MovieHorizontalPageList.swift; sourceTree = "<group>"; };
		0BD909CE2A519B8200760F07 /* MovieService.swift */ = {isa = PBXFileReference; lastKnownFileType = sourcecode.swift; path = MovieService.swift; sourceTree = "<group>"; };
		0BD909D02A519BFD00760F07 /* NetworkError.swift */ = {isa = PBXFileReference; lastKnownFileType = sourcecode.swift; path = NetworkError.swift; sourceTree = "<group>"; };
		0BD909D52A51A3BF00760F07 /* Constant.swift */ = {isa = PBXFileReference; lastKnownFileType = sourcecode.swift; path = Constant.swift; sourceTree = "<group>"; };
		0BD909D82A51AAB100760F07 /* MovieModel.swift */ = {isa = PBXFileReference; lastKnownFileType = sourcecode.swift; path = MovieModel.swift; sourceTree = "<group>"; };
		0BD909DB2A51AFF000760F07 /* MovieListResponse.swift */ = {isa = PBXFileReference; lastKnownFileType = sourcecode.swift; path = MovieListResponse.swift; sourceTree = "<group>"; };
		0BD909DD2A51B84700760F07 /* MovieServicePath.swift */ = {isa = PBXFileReference; lastKnownFileType = sourcecode.swift; path = MovieServicePath.swift; sourceTree = "<group>"; };
		0BE6277D2A3CA56900475D95 /* ObservableObject.swift */ = {isa = PBXFileReference; lastKnownFileType = sourcecode.swift; path = ObservableObject.swift; sourceTree = "<group>"; };
		0BE6277F2A3CA74200475D95 /* HomeViewModel.swift */ = {isa = PBXFileReference; lastKnownFileType = sourcecode.swift; path = HomeViewModel.swift; sourceTree = "<group>"; };
		0BE627832A3CA88E00475D95 /* CoreViewController.swift */ = {isa = PBXFileReference; lastKnownFileType = sourcecode.swift; path = CoreViewController.swift; sourceTree = "<group>"; };
		0BE627852A3CAB8000475D95 /* CoreViewModel.swift */ = {isa = PBXFileReference; lastKnownFileType = sourcecode.swift; path = CoreViewModel.swift; sourceTree = "<group>"; };
		0BE824BD2A5D81F200D81751 /* GenreModel.swift */ = {isa = PBXFileReference; lastKnownFileType = sourcecode.swift; path = GenreModel.swift; sourceTree = "<group>"; };
		0BE824BF2A5D828800D81751 /* GenreListResponse.swift */ = {isa = PBXFileReference; lastKnownFileType = sourcecode.swift; path = GenreListResponse.swift; sourceTree = "<group>"; };
		0BE824C12A5DA10F00D81751 /* GenreCell.swift */ = {isa = PBXFileReference; lastKnownFileType = sourcecode.swift; path = GenreCell.swift; sourceTree = "<group>"; };
		0BFA06612A52C7740082109F /* MovieLargeCollectionCell.swift */ = {isa = PBXFileReference; lastKnownFileType = sourcecode.swift; path = MovieLargeCollectionCell.swift; sourceTree = "<group>"; };
		0BFA06632A52D19A0082109F /* ObservableList.swift */ = {isa = PBXFileReference; lastKnownFileType = sourcecode.swift; path = ObservableList.swift; sourceTree = "<group>"; };
		0BFBF0F02A3719A5008BE188 /* CinemaTracker.app */ = {isa = PBXFileReference; explicitFileType = wrapper.application; includeInIndex = 0; path = CinemaTracker.app; sourceTree = BUILT_PRODUCTS_DIR; };
		0BFBF0F32A3719A5008BE188 /* AppDelegate.swift */ = {isa = PBXFileReference; lastKnownFileType = sourcecode.swift; path = AppDelegate.swift; sourceTree = "<group>"; };
		0BFBF0F52A3719A5008BE188 /* SceneDelegate.swift */ = {isa = PBXFileReference; lastKnownFileType = sourcecode.swift; path = SceneDelegate.swift; sourceTree = "<group>"; };
		0BFBF0FA2A3719A5008BE188 /* Base */ = {isa = PBXFileReference; lastKnownFileType = file.storyboard; name = Base; path = Base.lproj/Main.storyboard; sourceTree = "<group>"; };
		0BFBF0FC2A3719A5008BE188 /* Assets.xcassets */ = {isa = PBXFileReference; lastKnownFileType = folder.assetcatalog; path = Assets.xcassets; sourceTree = "<group>"; };
		0BFBF0FF2A3719A5008BE188 /* Base */ = {isa = PBXFileReference; lastKnownFileType = file.storyboard; name = Base; path = Base.lproj/LaunchScreen.storyboard; sourceTree = "<group>"; };
		0BFBF1012A3719A5008BE188 /* Info.plist */ = {isa = PBXFileReference; lastKnownFileType = text.plist.xml; path = Info.plist; sourceTree = "<group>"; };
		0BFBF1062A3719A5008BE188 /* CinemaTrackerTests.xctest */ = {isa = PBXFileReference; explicitFileType = wrapper.cfbundle; includeInIndex = 0; path = CinemaTrackerTests.xctest; sourceTree = BUILT_PRODUCTS_DIR; };
		0BFBF10A2A3719A5008BE188 /* CinemaTrackerTests.swift */ = {isa = PBXFileReference; lastKnownFileType = sourcecode.swift; path = CinemaTrackerTests.swift; sourceTree = "<group>"; };
		0BFBF1102A3719A5008BE188 /* CinemaTrackerUITests.xctest */ = {isa = PBXFileReference; explicitFileType = wrapper.cfbundle; includeInIndex = 0; path = CinemaTrackerUITests.xctest; sourceTree = BUILT_PRODUCTS_DIR; };
		0BFBF1142A3719A5008BE188 /* CinemaTrackerUITests.swift */ = {isa = PBXFileReference; lastKnownFileType = sourcecode.swift; path = CinemaTrackerUITests.swift; sourceTree = "<group>"; };
		0BFBF1162A3719A5008BE188 /* CinemaTrackerUITestsLaunchTests.swift */ = {isa = PBXFileReference; lastKnownFileType = sourcecode.swift; path = CinemaTrackerUITestsLaunchTests.swift; sourceTree = "<group>"; };
		0BFBF12E2A371AC2008BE188 /* HomeViewController.swift */ = {isa = PBXFileReference; lastKnownFileType = sourcecode.swift; path = HomeViewController.swift; sourceTree = "<group>"; };
/* End PBXFileReference section */

/* Begin PBXFrameworksBuildPhase section */
		0BFBF0ED2A3719A5008BE188 /* Frameworks */ = {
			isa = PBXFrameworksBuildPhase;
			buildActionMask = 2147483647;
			files = (
				0B4772FF2A4835C60022F475 /* SnapKit in Frameworks */,
				0B8FB3F52A5C442C00B593A2 /* CHTCollectionViewWaterfallLayout in Frameworks */,
				0BD909E12A51C30500760F07 /* AlamofireNetworkActivityLogger in Frameworks */,
				0B4773022A4835D80022F475 /* Alamofire in Frameworks */,
				0B4773052A4835E80022F475 /* AlamofireImage in Frameworks */,
			);
			runOnlyForDeploymentPostprocessing = 0;
		};
		0BFBF1032A3719A5008BE188 /* Frameworks */ = {
			isa = PBXFrameworksBuildPhase;
			buildActionMask = 2147483647;
			files = (
			);
			runOnlyForDeploymentPostprocessing = 0;
		};
		0BFBF10D2A3719A5008BE188 /* Frameworks */ = {
			isa = PBXFrameworksBuildPhase;
			buildActionMask = 2147483647;
			files = (
			);
			runOnlyForDeploymentPostprocessing = 0;
		};
/* End PBXFrameworksBuildPhase section */

/* Begin PBXGroup section */
		0B02B9722A6928BC008CFC48 /* Cast */ = {
			isa = PBXGroup;
			children = (
				0B02B9752A6928DD008CFC48 /* CastModel.swift */,
			);
			path = Cast;
			sourceTree = "<group>";
		};
		0B02B9742A6928CC008CFC48 /* Crew */ = {
			isa = PBXGroup;
			children = (
				0B02B9772A692B1C008CFC48 /* CrewModel.swift */,
			);
			path = Crew;
			sourceTree = "<group>";
		};
		0B4772F82A48253B0022F475 /* Label */ = {
			isa = PBXGroup;
			children = (
				0B4772F92A48255D0022F475 /* AppLabel.swift */,
			);
			path = Label;
			sourceTree = "<group>";
		};
		0B4773082A4837380022F475 /* Main */ = {
			isa = PBXGroup;
			children = (
				0B47730C2A4837C60022F475 /* ViewModel */,
				0B47730B2A4837B20022F475 /* View */,
				0BFBF1292A371A48008BE188 /* Home */,
				0B4773092A4837560022F475 /* Settings */,
				0B47730A2A48375D0022F475 /* Favourite */,
			);
			path = Main;
			sourceTree = "<group>";
		};
		0B4773092A4837560022F475 /* Settings */ = {
			isa = PBXGroup;
			children = (
				0B4773132A4839760022F475 /* ViewModel */,
				0B4773122A48396D0022F475 /* View */,
			);
			path = Settings;
			sourceTree = "<group>";
		};
		0B47730A2A48375D0022F475 /* Favourite */ = {
			isa = PBXGroup;
			children = (
				0B47731A2A483A760022F475 /* ViewModel */,
				0B4773182A483A650022F475 /* View */,
			);
			path = Favourite;
			sourceTree = "<group>";
		};
		0B47730B2A4837B20022F475 /* View */ = {
			isa = PBXGroup;
			children = (
				0B47730D2A4837EF0022F475 /* MainViewController.swift */,
			);
			path = View;
			sourceTree = "<group>";
		};
		0B47730C2A4837C60022F475 /* ViewModel */ = {
			isa = PBXGroup;
			children = (
				0B4773102A4838090022F475 /* MainViewModel.swift */,
			);
			path = ViewModel;
			sourceTree = "<group>";
		};
		0B4773122A48396D0022F475 /* View */ = {
			isa = PBXGroup;
			children = (
				0B4773162A4839F50022F475 /* SettingsViewController.swift */,
			);
			path = View;
			sourceTree = "<group>";
		};
		0B4773132A4839760022F475 /* ViewModel */ = {
			isa = PBXGroup;
			children = (
				0B4773142A4839890022F475 /* SettingsViewModel.swift */,
			);
			path = ViewModel;
			sourceTree = "<group>";
		};
		0B4773182A483A650022F475 /* View */ = {
			isa = PBXGroup;
			children = (
				0B47731D2A483ABB0022F475 /* FavouriteViewController.swift */,
			);
			path = View;
			sourceTree = "<group>";
		};
		0B47731A2A483A760022F475 /* ViewModel */ = {
			isa = PBXGroup;
			children = (
				0B47731B2A483A8D0022F475 /* FavouriteViewModel.swift */,
			);
			path = ViewModel;
			sourceTree = "<group>";
		};
		0B4E72982A59A6B7008C780D /* Localize */ = {
			isa = PBXGroup;
			children = (
				0B4E729F2A59ACB1008C780D /* LocalizableExtension.swift */,
				0B4E72A12A59AF12008C780D /* LocalizableKeys.swift */,
				0B4E729D2A59AA76008C780D /* Localizable.strings */,
			);
			path = Localize;
			sourceTree = "<group>";
		};
		0B6A71AD2A39F0D000BB0484 /* Extension */ = {
			isa = PBXGroup;
			children = (
				0B6A71AE2A39F0F700BB0484 /* ColorExtension.swift */,
			);
			path = Extension;
			sourceTree = "<group>";
		};
		0B8A26342A64562700E7ED5B /* Extension */ = {
			isa = PBXGroup;
			children = (
				0B8A26352A64564800E7ED5B /* NotificationCenterExtension.swift */,
				0B9CB50F2A66EA79008ECFE1 /* CoreViewControllerExtension.swift */,
				0BCDBB992A68468C0078A590 /* StringExtension.swift */,
			);
			path = Extension;
			sourceTree = "<group>";
		};
		0B8FB3E42A5BE58900B593A2 /* MovieList */ = {
			isa = PBXGroup;
			children = (
				0B8FB3E52A5BE5D700B593A2 /* ViewModel */,
				0B8FB3E62A5BE5DF00B593A2 /* View */,
			);
			path = MovieList;
			sourceTree = "<group>";
		};
		0B8FB3E52A5BE5D700B593A2 /* ViewModel */ = {
			isa = PBXGroup;
			children = (
				0B8FB3E72A5BE5F100B593A2 /* MovieListViewModel.swift */,
			);
			path = ViewModel;
			sourceTree = "<group>";
		};
		0B8FB3E62A5BE5DF00B593A2 /* View */ = {
			isa = PBXGroup;
			children = (
				0B8FB3E92A5BE62D00B593A2 /* MovieListViewController.swift */,
				0B0D30442A5EFAA900A52315 /* GenreListViewController.swift */,
			);
			path = View;
			sourceTree = "<group>";
		};
		0B8FB3EB2A5BEB3600B593A2 /* Title */ = {
			isa = PBXGroup;
			children = (
				0B8FB3EC2A5BEB6C00B593A2 /* TitleView.swift */,
			);
			path = Title;
			sourceTree = "<group>";
		};
		0B8FB3EE2A5C345F00B593A2 /* Enums */ = {
			isa = PBXGroup;
			children = (
				0B8FB3EF2A5C348C00B593A2 /* MovieListType.swift */,
				0B9DA7B52A601A7A000F52D6 /* LanguageType.swift */,
				0B9DA7B72A601B54000F52D6 /* RegionType.swift */,
			);
			path = Enums;
			sourceTree = "<group>";
		};
		0B8FB3F62A5C4E2500B593A2 /* Loading */ = {
			isa = PBXGroup;
			children = (
				0B8FB3F72A5C4E4200B593A2 /* PaginationLoadingCell.swift */,
			);
			path = Loading;
			sourceTree = "<group>";
		};
		0B9CB5092A66E71F008ECFE1 /* ViewModel */ = {
			isa = PBXGroup;
			children = (
				0B9CB50B2A66E772008ECFE1 /* MovieDetailViewModel.swift */,
			);
			path = ViewModel;
			sourceTree = "<group>";
		};
		0B9CB50A2A66E725008ECFE1 /* View */ = {
			isa = PBXGroup;
			children = (
				0B9CB50D2A66E7E2008ECFE1 /* MovieDetailViewController.swift */,
				0BCDBB972A68165F0078A590 /* DetailTopView.swift */,
				0B02B97F2A694D10008CFC48 /* MovieDescriptionView.swift */,
			);
			path = View;
			sourceTree = "<group>";
		};
		0BCDBB942A680F5E0078A590 /* Image */ = {
			isa = PBXGroup;
			children = (
				0BCDBB952A680F6D0078A590 /* MovieImageView.swift */,
			);
			path = Image;
			sourceTree = "<group>";
		};
		0BD909CA2A518A0500760F07 /* List */ = {
			isa = PBXGroup;
			children = (
				0BD909CB2A518ACD00760F07 /* MovieHorizontalPageList.swift */,
				0BD597E82A55753500357D8A /* MovieSmallHorizontalList.swift */,
				0B9DA7AF2A5FF199000F52D6 /* SettingOptionList.swift */,
				0B02B97D2A6942AC008CFC48 /* CastListView.swift */,
				0B02B9812A697937008CFC48 /* CrewListView.swift */,
			);
			path = List;
			sourceTree = "<group>";
		};
		0BD909CD2A519B2000760F07 /* Service */ = {
			isa = PBXGroup;
			children = (
				0BD909CE2A519B8200760F07 /* MovieService.swift */,
				0BD909D02A519BFD00760F07 /* NetworkError.swift */,
				0BD909DD2A51B84700760F07 /* MovieServicePath.swift */,
			);
			path = Service;
			sourceTree = "<group>";
		};
		0BD909D72A51AA5600760F07 /* Movie */ = {
			isa = PBXGroup;
			children = (
				0BD909D82A51AAB100760F07 /* MovieModel.swift */,
			);
			path = Movie;
			sourceTree = "<group>";
		};
		0BD909DA2A51AFC500760F07 /* Response */ = {
			isa = PBXGroup;
			children = (
				0BD909DB2A51AFF000760F07 /* MovieListResponse.swift */,
				0BE824BF2A5D828800D81751 /* GenreListResponse.swift */,
				0B9CB5112A66F506008ECFE1 /* MovieDetailResponse.swift */,
				0B02B9792A692BBF008CFC48 /* CastCrewResponse.swift */,
			);
			path = Response;
			sourceTree = "<group>";
		};
		0BE6277C2A3CA54900475D95 /* Util */ = {
			isa = PBXGroup;
			children = (
				0BE6277D2A3CA56900475D95 /* ObservableObject.swift */,
				0BFA06632A52D19A0082109F /* ObservableList.swift */,
				0BD909D52A51A3BF00760F07 /* Constant.swift */,
				0BD597E62A55633400357D8A /* AppConstant.swift */,
				0B9DA7B92A601C72000F52D6 /* RegionManager.swift */,
				0B8A26322A643C9000E7ED5B /* LanguageTypeManager.swift */,
			);
			path = Util;
			sourceTree = "<group>";
		};
		0BE627812A3CA86400475D95 /* View */ = {
			isa = PBXGroup;
			children = (
				0BE627832A3CA88E00475D95 /* CoreViewController.swift */,
			);
			path = View;
			sourceTree = "<group>";
		};
		0BE627822A3CA86B00475D95 /* ViewModel */ = {
			isa = PBXGroup;
			children = (
				0BE627852A3CAB8000475D95 /* CoreViewModel.swift */,
			);
			path = ViewModel;
			sourceTree = "<group>";
		};
		0BE824BC2A5D81E300D81751 /* Genre */ = {
			isa = PBXGroup;
			children = (
				0BE824BD2A5D81F200D81751 /* GenreModel.swift */,
			);
			path = Genre;
			sourceTree = "<group>";
		};
		0BFA06602A52C74D0082109F /* Cell */ = {
			isa = PBXGroup;
			children = (
				0BFA06612A52C7740082109F /* MovieLargeCollectionCell.swift */,
				0BD597EA2A55770E00357D8A /* MovieSmallCollectionCell.swift */,
				0B8FB3F12A5C3C0E00B593A2 /* MovieImageCell.swift */,
				0BE824C12A5DA10F00D81751 /* GenreCell.swift */,
				0B9DA7B32A5FF85B000F52D6 /* RadioOptionCell.swift */,
				0B02B97B2A693CD1008CFC48 /* CastCrewCell.swift */,
			);
			path = Cell;
			sourceTree = "<group>";
		};
		0BFBF0E72A3719A4008BE188 = {
			isa = PBXGroup;
			children = (
				0BFBF0F22A3719A5008BE188 /* CinemaTracker */,
				0BFBF1092A3719A5008BE188 /* CinemaTrackerTests */,
				0BFBF1132A3719A5008BE188 /* CinemaTrackerUITests */,
				0BFBF0F12A3719A5008BE188 /* Products */,
			);
			sourceTree = "<group>";
		};
		0BFBF0F12A3719A5008BE188 /* Products */ = {
			isa = PBXGroup;
			children = (
				0BFBF0F02A3719A5008BE188 /* CinemaTracker.app */,
				0BFBF1062A3719A5008BE188 /* CinemaTrackerTests.xctest */,
				0BFBF1102A3719A5008BE188 /* CinemaTrackerUITests.xctest */,
			);
			name = Products;
			sourceTree = "<group>";
		};
		0BFBF0F22A3719A5008BE188 /* CinemaTracker */ = {
			isa = PBXGroup;
			children = (
				0BFBF1262A3719E1008BE188 /* App */,
				0BFBF1242A3719B5008BE188 /* CoreUI */,
				0BFBF1232A3719AD008BE188 /* Core */,
				0BFBF1252A3719C7008BE188 /* Features */,
			);
			path = CinemaTracker;
			sourceTree = "<group>";
		};
		0BFBF1092A3719A5008BE188 /* CinemaTrackerTests */ = {
			isa = PBXGroup;
			children = (
				0BFBF10A2A3719A5008BE188 /* CinemaTrackerTests.swift */,
			);
			path = CinemaTrackerTests;
			sourceTree = "<group>";
		};
		0BFBF1132A3719A5008BE188 /* CinemaTrackerUITests */ = {
			isa = PBXGroup;
			children = (
				0BFBF1142A3719A5008BE188 /* CinemaTrackerUITests.swift */,
				0BFBF1162A3719A5008BE188 /* CinemaTrackerUITestsLaunchTests.swift */,
			);
			path = CinemaTrackerUITests;
			sourceTree = "<group>";
		};
		0BFBF1232A3719AD008BE188 /* Core */ = {
			isa = PBXGroup;
			children = (
				0B8A26342A64562700E7ED5B /* Extension */,
				0BFBF1302A371C85008BE188 /* Data */,
				0BFBF1312A371C8C008BE188 /* Base */,
				0BE6277C2A3CA54900475D95 /* Util */,
				0B4E72982A59A6B7008C780D /* Localize */,
			);
			path = Core;
			sourceTree = "<group>";
		};
		0BFBF1242A3719B5008BE188 /* CoreUI */ = {
			isa = PBXGroup;
			children = (
				0B6A71AD2A39F0D000BB0484 /* Extension */,
				0BFBF1282A371A1A008BE188 /* Components */,
				0BFBF1272A371A0D008BE188 /* Theme */,
			);
			path = CoreUI;
			sourceTree = "<group>";
		};
		0BFBF1252A3719C7008BE188 /* Features */ = {
			isa = PBXGroup;
			children = (
				0B4773082A4837380022F475 /* Main */,
				0B8FB3E42A5BE58900B593A2 /* MovieList */,
				0BFBF12B2A371A58008BE188 /* Detail */,
			);
			path = Features;
			sourceTree = "<group>";
		};
		0BFBF1262A3719E1008BE188 /* App */ = {
			isa = PBXGroup;
			children = (
				0BFBF0F32A3719A5008BE188 /* AppDelegate.swift */,
				0BFBF0F52A3719A5008BE188 /* SceneDelegate.swift */,
				0BFBF0F92A3719A5008BE188 /* Main.storyboard */,
				0BFBF0FC2A3719A5008BE188 /* Assets.xcassets */,
				0BFBF0FE2A3719A5008BE188 /* LaunchScreen.storyboard */,
				0BFBF1012A3719A5008BE188 /* Info.plist */,
			);
			path = App;
			sourceTree = "<group>";
		};
		0BFBF1272A371A0D008BE188 /* Theme */ = {
			isa = PBXGroup;
			children = (
				0B6A71A52A39D7A400BB0484 /* AppTheme.swift */,
				0B6A71A72A39D88B00BB0484 /* ThemeColor.swift */,
				0B6A71A92A39E09F00BB0484 /* AppLightColor.swift */,
				0B6A71AB2A39E9C500BB0484 /* AppDarkColor.swift */,
				0B4772FB2A4826670022F475 /* Typography.swift */,
			);
			path = Theme;
			sourceTree = "<group>";
		};
		0BFBF1282A371A1A008BE188 /* Components */ = {
			isa = PBXGroup;
			children = (
				0BCDBB942A680F5E0078A590 /* Image */,
				0B8FB3F62A5C4E2500B593A2 /* Loading */,
				0B8FB3EB2A5BEB3600B593A2 /* Title */,
				0BFA06602A52C74D0082109F /* Cell */,
				0BD909CA2A518A0500760F07 /* List */,
				0B4772F82A48253B0022F475 /* Label */,
			);
			path = Components;
			sourceTree = "<group>";
		};
		0BFBF1292A371A48008BE188 /* Home */ = {
			isa = PBXGroup;
			children = (
				0BFBF12D2A371A73008BE188 /* ViewModel */,
				0BFBF12C2A371A6C008BE188 /* View */,
			);
			path = Home;
			sourceTree = "<group>";
		};
		0BFBF12B2A371A58008BE188 /* Detail */ = {
			isa = PBXGroup;
			children = (
				0B9CB5092A66E71F008ECFE1 /* ViewModel */,
				0B9CB50A2A66E725008ECFE1 /* View */,
			);
			path = Detail;
			sourceTree = "<group>";
		};
		0BFBF12C2A371A6C008BE188 /* View */ = {
			isa = PBXGroup;
			children = (
				0BFBF12E2A371AC2008BE188 /* HomeViewController.swift */,
			);
			path = View;
			sourceTree = "<group>";
		};
		0BFBF12D2A371A73008BE188 /* ViewModel */ = {
			isa = PBXGroup;
			children = (
				0BE6277F2A3CA74200475D95 /* HomeViewModel.swift */,
			);
			path = ViewModel;
			sourceTree = "<group>";
		};
		0BFBF1302A371C85008BE188 /* Data */ = {
			isa = PBXGroup;
			children = (
				0B8FB3EE2A5C345F00B593A2 /* Enums */,
				0BD909CD2A519B2000760F07 /* Service */,
				0BFBF1322A371CA4008BE188 /* Model */,
				0BD909DA2A51AFC500760F07 /* Response */,
			);
			path = Data;
			sourceTree = "<group>";
		};
		0BFBF1312A371C8C008BE188 /* Base */ = {
			isa = PBXGroup;
			children = (
				0BE627822A3CA86B00475D95 /* ViewModel */,
				0BE627812A3CA86400475D95 /* View */,
			);
			path = Base;
			sourceTree = "<group>";
		};
		0BFBF1322A371CA4008BE188 /* Model */ = {
			isa = PBXGroup;
			children = (
				0B02B9742A6928CC008CFC48 /* Crew */,
				0B02B9722A6928BC008CFC48 /* Cast */,
				0BE824BC2A5D81E300D81751 /* Genre */,
				0BD909D72A51AA5600760F07 /* Movie */,
			);
			path = Model;
			sourceTree = "<group>";
		};
/* End PBXGroup section */

/* Begin PBXNativeTarget section */
		0BFBF0EF2A3719A5008BE188 /* CinemaTracker */ = {
			isa = PBXNativeTarget;
			buildConfigurationList = 0BFBF11A2A3719A5008BE188 /* Build configuration list for PBXNativeTarget "CinemaTracker" */;
			buildPhases = (
				0BFBF0EC2A3719A5008BE188 /* Sources */,
				0BFBF0ED2A3719A5008BE188 /* Frameworks */,
				0BFBF0EE2A3719A5008BE188 /* Resources */,
			);
			buildRules = (
			);
			dependencies = (
			);
			name = CinemaTracker;
			packageProductDependencies = (
				0B4772FE2A4835C60022F475 /* SnapKit */,
				0B4773012A4835D80022F475 /* Alamofire */,
				0B4773042A4835E80022F475 /* AlamofireImage */,
				0BD909E02A51C30500760F07 /* AlamofireNetworkActivityLogger */,
				0B8FB3F42A5C442C00B593A2 /* CHTCollectionViewWaterfallLayout */,
			);
			productName = CinemaTracker;
			productReference = 0BFBF0F02A3719A5008BE188 /* CinemaTracker.app */;
			productType = "com.apple.product-type.application";
		};
		0BFBF1052A3719A5008BE188 /* CinemaTrackerTests */ = {
			isa = PBXNativeTarget;
			buildConfigurationList = 0BFBF11D2A3719A5008BE188 /* Build configuration list for PBXNativeTarget "CinemaTrackerTests" */;
			buildPhases = (
				0BFBF1022A3719A5008BE188 /* Sources */,
				0BFBF1032A3719A5008BE188 /* Frameworks */,
				0BFBF1042A3719A5008BE188 /* Resources */,
			);
			buildRules = (
			);
			dependencies = (
				0BFBF1082A3719A5008BE188 /* PBXTargetDependency */,
			);
			name = CinemaTrackerTests;
			productName = CinemaTrackerTests;
			productReference = 0BFBF1062A3719A5008BE188 /* CinemaTrackerTests.xctest */;
			productType = "com.apple.product-type.bundle.unit-test";
		};
		0BFBF10F2A3719A5008BE188 /* CinemaTrackerUITests */ = {
			isa = PBXNativeTarget;
			buildConfigurationList = 0BFBF1202A3719A5008BE188 /* Build configuration list for PBXNativeTarget "CinemaTrackerUITests" */;
			buildPhases = (
				0BFBF10C2A3719A5008BE188 /* Sources */,
				0BFBF10D2A3719A5008BE188 /* Frameworks */,
				0BFBF10E2A3719A5008BE188 /* Resources */,
			);
			buildRules = (
			);
			dependencies = (
				0BFBF1122A3719A5008BE188 /* PBXTargetDependency */,
			);
			name = CinemaTrackerUITests;
			productName = CinemaTrackerUITests;
			productReference = 0BFBF1102A3719A5008BE188 /* CinemaTrackerUITests.xctest */;
			productType = "com.apple.product-type.bundle.ui-testing";
		};
/* End PBXNativeTarget section */

/* Begin PBXProject section */
		0BFBF0E82A3719A4008BE188 /* Project object */ = {
			isa = PBXProject;
			attributes = {
				BuildIndependentTargetsInParallel = 1;
				LastSwiftUpdateCheck = 1430;
				LastUpgradeCheck = 1430;
				TargetAttributes = {
					0BFBF0EF2A3719A5008BE188 = {
						CreatedOnToolsVersion = 14.3.1;
					};
					0BFBF1052A3719A5008BE188 = {
						CreatedOnToolsVersion = 14.3.1;
						TestTargetID = 0BFBF0EF2A3719A5008BE188;
					};
					0BFBF10F2A3719A5008BE188 = {
						CreatedOnToolsVersion = 14.3.1;
						TestTargetID = 0BFBF0EF2A3719A5008BE188;
					};
				};
			};
			buildConfigurationList = 0BFBF0EB2A3719A5008BE188 /* Build configuration list for PBXProject "CinemaTracker" */;
			compatibilityVersion = "Xcode 14.0";
			developmentRegion = en;
			hasScannedForEncodings = 0;
			knownRegions = (
				en,
				Base,
				tr,
			);
			mainGroup = 0BFBF0E72A3719A4008BE188;
			packageReferences = (
				0B4772FD2A4835C60022F475 /* XCRemoteSwiftPackageReference "SnapKit" */,
				0B4773002A4835D80022F475 /* XCRemoteSwiftPackageReference "Alamofire" */,
				0B4773032A4835E80022F475 /* XCRemoteSwiftPackageReference "AlamofireImage" */,
				0BD909DF2A51C30500760F07 /* XCRemoteSwiftPackageReference "AlamofireNetworkActivityLogger" */,
				0B8FB3F32A5C442C00B593A2 /* XCRemoteSwiftPackageReference "CHTCollectionViewWaterfallLayout" */,
			);
			productRefGroup = 0BFBF0F12A3719A5008BE188 /* Products */;
			projectDirPath = "";
			projectRoot = "";
			targets = (
				0BFBF0EF2A3719A5008BE188 /* CinemaTracker */,
				0BFBF1052A3719A5008BE188 /* CinemaTrackerTests */,
				0BFBF10F2A3719A5008BE188 /* CinemaTrackerUITests */,
			);
		};
/* End PBXProject section */

/* Begin PBXResourcesBuildPhase section */
		0BFBF0EE2A3719A5008BE188 /* Resources */ = {
			isa = PBXResourcesBuildPhase;
			buildActionMask = 2147483647;
			files = (
				0BFBF1002A3719A5008BE188 /* LaunchScreen.storyboard in Resources */,
				0B4E729B2A59AA76008C780D /* Localizable.strings in Resources */,
				0BFBF0FD2A3719A5008BE188 /* Assets.xcassets in Resources */,
				0BFBF0FB2A3719A5008BE188 /* Main.storyboard in Resources */,
			);
			runOnlyForDeploymentPostprocessing = 0;
		};
		0BFBF1042A3719A5008BE188 /* Resources */ = {
			isa = PBXResourcesBuildPhase;
			buildActionMask = 2147483647;
			files = (
			);
			runOnlyForDeploymentPostprocessing = 0;
		};
		0BFBF10E2A3719A5008BE188 /* Resources */ = {
			isa = PBXResourcesBuildPhase;
			buildActionMask = 2147483647;
			files = (
			);
			runOnlyForDeploymentPostprocessing = 0;
		};
/* End PBXResourcesBuildPhase section */

/* Begin PBXSourcesBuildPhase section */
		0BFBF0EC2A3719A5008BE188 /* Sources */ = {
			isa = PBXSourcesBuildPhase;
			buildActionMask = 2147483647;
			files = (
				0B8FB3ED2A5BEB6C00B593A2 /* TitleView.swift in Sources */,
				0B9DA7B82A601B54000F52D6 /* RegionType.swift in Sources */,
				0BFA06622A52C7740082109F /* MovieLargeCollectionCell.swift in Sources */,
				0B9CB50E2A66E7E2008ECFE1 /* MovieDetailViewController.swift in Sources */,
				0B02B97A2A692BBF008CFC48 /* CastCrewResponse.swift in Sources */,
				0B4772FC2A4826670022F475 /* Typography.swift in Sources */,
				0B6A71A82A39D88B00BB0484 /* ThemeColor.swift in Sources */,
				0B02B97C2A693CD1008CFC48 /* CastCrewCell.swift in Sources */,
				0B9DA7BA2A601C72000F52D6 /* RegionManager.swift in Sources */,
				0BFA06642A52D19A0082109F /* ObservableList.swift in Sources */,
				0B02B9782A692B1C008CFC48 /* CrewModel.swift in Sources */,
				0BD909D12A519BFD00760F07 /* NetworkError.swift in Sources */,
				0B8FB3F82A5C4E4200B593A2 /* PaginationLoadingCell.swift in Sources */,
				0B02B9822A697937008CFC48 /* CrewListView.swift in Sources */,
				0B9DA7B02A5FF199000F52D6 /* SettingOptionList.swift in Sources */,
				0BD909DC2A51AFF000760F07 /* MovieListResponse.swift in Sources */,
				0BCDBB9A2A68468C0078A590 /* StringExtension.swift in Sources */,
				0BE627842A3CA88E00475D95 /* CoreViewController.swift in Sources */,
				0BFBF0F42A3719A5008BE188 /* AppDelegate.swift in Sources */,
				0B4772FA2A48255D0022F475 /* AppLabel.swift in Sources */,
				0BE824BE2A5D81F200D81751 /* GenreModel.swift in Sources */,
				0B02B9802A694D10008CFC48 /* MovieDescriptionView.swift in Sources */,
				0B4E72A02A59ACB1008C780D /* LocalizableExtension.swift in Sources */,
				0BD597E92A55753500357D8A /* MovieSmallHorizontalList.swift in Sources */,
				0BD909DE2A51B84700760F07 /* MovieServicePath.swift in Sources */,
				0B6A71AA2A39E09F00BB0484 /* AppLightColor.swift in Sources */,
				0B4773152A4839890022F475 /* SettingsViewModel.swift in Sources */,
				0BE627802A3CA74200475D95 /* HomeViewModel.swift in Sources */,
				0B8FB3F02A5C348C00B593A2 /* MovieListType.swift in Sources */,
				0B8A26362A64564800E7ED5B /* NotificationCenterExtension.swift in Sources */,
				0B8FB3EA2A5BE62D00B593A2 /* MovieListViewController.swift in Sources */,
				0B47731E2A483ABB0022F475 /* FavouriteViewController.swift in Sources */,
				0B6A71AF2A39F0F700BB0484 /* ColorExtension.swift in Sources */,
				0BD909D62A51A3BF00760F07 /* Constant.swift in Sources */,
				0BCDBB982A68165F0078A590 /* DetailTopView.swift in Sources */,
				0B8FB3F22A5C3C0E00B593A2 /* MovieImageCell.swift in Sources */,
				0BCDBB962A680F6D0078A590 /* MovieImageView.swift in Sources */,
				0B02B97E2A6942AC008CFC48 /* CastListView.swift in Sources */,
				0BE824C02A5D828800D81751 /* GenreListResponse.swift in Sources */,
				0BD909CF2A519B8200760F07 /* MovieService.swift in Sources */,
				0B8A26332A643C9000E7ED5B /* LanguageTypeManager.swift in Sources */,
				0BD909CC2A518ACD00760F07 /* MovieHorizontalPageList.swift in Sources */,
				0B9DA7B42A5FF85B000F52D6 /* RadioOptionCell.swift in Sources */,
				0B4E72A22A59AF12008C780D /* LocalizableKeys.swift in Sources */,
				0B9CB5122A66F506008ECFE1 /* MovieDetailResponse.swift in Sources */,
				0B9DA7B62A601A7A000F52D6 /* LanguageType.swift in Sources */,
				0B6A71A62A39D7A400BB0484 /* AppTheme.swift in Sources */,
				0B47730E2A4837EF0022F475 /* MainViewController.swift in Sources */,
				0BE627862A3CAB8000475D95 /* CoreViewModel.swift in Sources */,
				0B8FB3E82A5BE5F100B593A2 /* MovieListViewModel.swift in Sources */,
				0B0D30452A5EFAA900A52315 /* GenreListViewController.swift in Sources */,
				0BFBF0F62A3719A5008BE188 /* SceneDelegate.swift in Sources */,
				0BFBF12F2A371AC2008BE188 /* HomeViewController.swift in Sources */,
				0BE824C22A5DA10F00D81751 /* GenreCell.swift in Sources */,
				0B6A71AC2A39E9C500BB0484 /* AppDarkColor.swift in Sources */,
				0B9CB50C2A66E772008ECFE1 /* MovieDetailViewModel.swift in Sources */,
				0BE6277E2A3CA56900475D95 /* ObservableObject.swift in Sources */,
				0B02B9762A6928DD008CFC48 /* CastModel.swift in Sources */,
				0B4773112A4838090022F475 /* MainViewModel.swift in Sources */,
				0BD909D92A51AAB100760F07 /* MovieModel.swift in Sources */,
				0B4773172A4839F50022F475 /* SettingsViewController.swift in Sources */,
				0B47731C2A483A8D0022F475 /* FavouriteViewModel.swift in Sources */,
				0BD597EB2A55770E00357D8A /* MovieSmallCollectionCell.swift in Sources */,
				0BD597E72A55633400357D8A /* AppConstant.swift in Sources */,
				0B9CB5102A66EA79008ECFE1 /* CoreViewControllerExtension.swift in Sources */,
			);
			runOnlyForDeploymentPostprocessing = 0;
		};
		0BFBF1022A3719A5008BE188 /* Sources */ = {
			isa = PBXSourcesBuildPhase;
			buildActionMask = 2147483647;
			files = (
				0BFBF10B2A3719A5008BE188 /* CinemaTrackerTests.swift in Sources */,
			);
			runOnlyForDeploymentPostprocessing = 0;
		};
		0BFBF10C2A3719A5008BE188 /* Sources */ = {
			isa = PBXSourcesBuildPhase;
			buildActionMask = 2147483647;
			files = (
				0BFBF1172A3719A5008BE188 /* CinemaTrackerUITestsLaunchTests.swift in Sources */,
				0BFBF1152A3719A5008BE188 /* CinemaTrackerUITests.swift in Sources */,
			);
			runOnlyForDeploymentPostprocessing = 0;
		};
/* End PBXSourcesBuildPhase section */

/* Begin PBXTargetDependency section */
		0BFBF1082A3719A5008BE188 /* PBXTargetDependency */ = {
			isa = PBXTargetDependency;
			target = 0BFBF0EF2A3719A5008BE188 /* CinemaTracker */;
			targetProxy = 0BFBF1072A3719A5008BE188 /* PBXContainerItemProxy */;
		};
		0BFBF1122A3719A5008BE188 /* PBXTargetDependency */ = {
			isa = PBXTargetDependency;
			target = 0BFBF0EF2A3719A5008BE188 /* CinemaTracker */;
			targetProxy = 0BFBF1112A3719A5008BE188 /* PBXContainerItemProxy */;
		};
/* End PBXTargetDependency section */

/* Begin PBXVariantGroup section */
		0B4E729D2A59AA76008C780D /* Localizable.strings */ = {
			isa = PBXVariantGroup;
			children = (
				0B4E729C2A59AA76008C780D /* en */,
				0B4E729E2A59AAA6008C780D /* tr */,
			);
			name = Localizable.strings;
			sourceTree = "<group>";
		};
		0BFBF0F92A3719A5008BE188 /* Main.storyboard */ = {
			isa = PBXVariantGroup;
			children = (
				0BFBF0FA2A3719A5008BE188 /* Base */,
			);
			name = Main.storyboard;
			sourceTree = "<group>";
		};
		0BFBF0FE2A3719A5008BE188 /* LaunchScreen.storyboard */ = {
			isa = PBXVariantGroup;
			children = (
				0BFBF0FF2A3719A5008BE188 /* Base */,
			);
			name = LaunchScreen.storyboard;
			sourceTree = "<group>";
		};
/* End PBXVariantGroup section */

/* Begin XCBuildConfiguration section */
		0BFBF1182A3719A5008BE188 /* Debug */ = {
			isa = XCBuildConfiguration;
			buildSettings = {
				ALWAYS_SEARCH_USER_PATHS = NO;
				CLANG_ANALYZER_LOCALIZABILITY_NONLOCALIZED = YES;
				CLANG_ANALYZER_NONNULL = YES;
				CLANG_ANALYZER_NUMBER_OBJECT_CONVERSION = YES_AGGRESSIVE;
				CLANG_CXX_LANGUAGE_STANDARD = "gnu++20";
				CLANG_ENABLE_MODULES = YES;
				CLANG_ENABLE_OBJC_ARC = YES;
				CLANG_ENABLE_OBJC_WEAK = YES;
				CLANG_WARN_BLOCK_CAPTURE_AUTORELEASING = YES;
				CLANG_WARN_BOOL_CONVERSION = YES;
				CLANG_WARN_COMMA = YES;
				CLANG_WARN_CONSTANT_CONVERSION = YES;
				CLANG_WARN_DEPRECATED_OBJC_IMPLEMENTATIONS = YES;
				CLANG_WARN_DIRECT_OBJC_ISA_USAGE = YES_ERROR;
				CLANG_WARN_DOCUMENTATION_COMMENTS = YES;
				CLANG_WARN_EMPTY_BODY = YES;
				CLANG_WARN_ENUM_CONVERSION = YES;
				CLANG_WARN_INFINITE_RECURSION = YES;
				CLANG_WARN_INT_CONVERSION = YES;
				CLANG_WARN_NON_LITERAL_NULL_CONVERSION = YES;
				CLANG_WARN_OBJC_IMPLICIT_RETAIN_SELF = YES;
				CLANG_WARN_OBJC_LITERAL_CONVERSION = YES;
				CLANG_WARN_OBJC_ROOT_CLASS = YES_ERROR;
				CLANG_WARN_QUOTED_INCLUDE_IN_FRAMEWORK_HEADER = YES;
				CLANG_WARN_RANGE_LOOP_ANALYSIS = YES;
				CLANG_WARN_STRICT_PROTOTYPES = YES;
				CLANG_WARN_SUSPICIOUS_MOVE = YES;
				CLANG_WARN_UNGUARDED_AVAILABILITY = YES_AGGRESSIVE;
				CLANG_WARN_UNREACHABLE_CODE = YES;
				CLANG_WARN__DUPLICATE_METHOD_MATCH = YES;
				COPY_PHASE_STRIP = NO;
				DEBUG_INFORMATION_FORMAT = dwarf;
				ENABLE_STRICT_OBJC_MSGSEND = YES;
				ENABLE_TESTABILITY = YES;
				GCC_C_LANGUAGE_STANDARD = gnu11;
				GCC_DYNAMIC_NO_PIC = NO;
				GCC_NO_COMMON_BLOCKS = YES;
				GCC_OPTIMIZATION_LEVEL = 0;
				GCC_PREPROCESSOR_DEFINITIONS = (
					"DEBUG=1",
					"$(inherited)",
				);
				GCC_WARN_64_TO_32_BIT_CONVERSION = YES;
				GCC_WARN_ABOUT_RETURN_TYPE = YES_ERROR;
				GCC_WARN_UNDECLARED_SELECTOR = YES;
				GCC_WARN_UNINITIALIZED_AUTOS = YES_AGGRESSIVE;
				GCC_WARN_UNUSED_FUNCTION = YES;
				GCC_WARN_UNUSED_VARIABLE = YES;
				IPHONEOS_DEPLOYMENT_TARGET = 16.4;
				MTL_ENABLE_DEBUG_INFO = INCLUDE_SOURCE;
				MTL_FAST_MATH = YES;
				ONLY_ACTIVE_ARCH = YES;
				SDKROOT = iphoneos;
				SWIFT_ACTIVE_COMPILATION_CONDITIONS = DEBUG;
				SWIFT_OPTIMIZATION_LEVEL = "-Onone";
			};
			name = Debug;
		};
		0BFBF1192A3719A5008BE188 /* Release */ = {
			isa = XCBuildConfiguration;
			buildSettings = {
				ALWAYS_SEARCH_USER_PATHS = NO;
				CLANG_ANALYZER_LOCALIZABILITY_NONLOCALIZED = YES;
				CLANG_ANALYZER_NONNULL = YES;
				CLANG_ANALYZER_NUMBER_OBJECT_CONVERSION = YES_AGGRESSIVE;
				CLANG_CXX_LANGUAGE_STANDARD = "gnu++20";
				CLANG_ENABLE_MODULES = YES;
				CLANG_ENABLE_OBJC_ARC = YES;
				CLANG_ENABLE_OBJC_WEAK = YES;
				CLANG_WARN_BLOCK_CAPTURE_AUTORELEASING = YES;
				CLANG_WARN_BOOL_CONVERSION = YES;
				CLANG_WARN_COMMA = YES;
				CLANG_WARN_CONSTANT_CONVERSION = YES;
				CLANG_WARN_DEPRECATED_OBJC_IMPLEMENTATIONS = YES;
				CLANG_WARN_DIRECT_OBJC_ISA_USAGE = YES_ERROR;
				CLANG_WARN_DOCUMENTATION_COMMENTS = YES;
				CLANG_WARN_EMPTY_BODY = YES;
				CLANG_WARN_ENUM_CONVERSION = YES;
				CLANG_WARN_INFINITE_RECURSION = YES;
				CLANG_WARN_INT_CONVERSION = YES;
				CLANG_WARN_NON_LITERAL_NULL_CONVERSION = YES;
				CLANG_WARN_OBJC_IMPLICIT_RETAIN_SELF = YES;
				CLANG_WARN_OBJC_LITERAL_CONVERSION = YES;
				CLANG_WARN_OBJC_ROOT_CLASS = YES_ERROR;
				CLANG_WARN_QUOTED_INCLUDE_IN_FRAMEWORK_HEADER = YES;
				CLANG_WARN_RANGE_LOOP_ANALYSIS = YES;
				CLANG_WARN_STRICT_PROTOTYPES = YES;
				CLANG_WARN_SUSPICIOUS_MOVE = YES;
				CLANG_WARN_UNGUARDED_AVAILABILITY = YES_AGGRESSIVE;
				CLANG_WARN_UNREACHABLE_CODE = YES;
				CLANG_WARN__DUPLICATE_METHOD_MATCH = YES;
				COPY_PHASE_STRIP = NO;
				DEBUG_INFORMATION_FORMAT = "dwarf-with-dsym";
				ENABLE_NS_ASSERTIONS = NO;
				ENABLE_STRICT_OBJC_MSGSEND = YES;
				GCC_C_LANGUAGE_STANDARD = gnu11;
				GCC_NO_COMMON_BLOCKS = YES;
				GCC_WARN_64_TO_32_BIT_CONVERSION = YES;
				GCC_WARN_ABOUT_RETURN_TYPE = YES_ERROR;
				GCC_WARN_UNDECLARED_SELECTOR = YES;
				GCC_WARN_UNINITIALIZED_AUTOS = YES_AGGRESSIVE;
				GCC_WARN_UNUSED_FUNCTION = YES;
				GCC_WARN_UNUSED_VARIABLE = YES;
				IPHONEOS_DEPLOYMENT_TARGET = 16.4;
				MTL_ENABLE_DEBUG_INFO = NO;
				MTL_FAST_MATH = YES;
				SDKROOT = iphoneos;
				SWIFT_COMPILATION_MODE = wholemodule;
				SWIFT_OPTIMIZATION_LEVEL = "-O";
				VALIDATE_PRODUCT = YES;
			};
			name = Release;
		};
		0BFBF11B2A3719A5008BE188 /* Debug */ = {
			isa = XCBuildConfiguration;
			buildSettings = {
				ASSETCATALOG_COMPILER_APPICON_NAME = AppIcon;
				ASSETCATALOG_COMPILER_GLOBAL_ACCENT_COLOR_NAME = AccentColor;
				CODE_SIGN_STYLE = Automatic;
				CURRENT_PROJECT_VERSION = 1;
				DEVELOPMENT_TEAM = GA8F67WW6Y;
				GENERATE_INFOPLIST_FILE = YES;
				INFOPLIST_FILE = CinemaTracker/Info.plist;
				INFOPLIST_KEY_UIApplicationSupportsIndirectInputEvents = YES;
				INFOPLIST_KEY_UILaunchStoryboardName = LaunchScreen;
				INFOPLIST_KEY_UISupportedInterfaceOrientations_iPad = "UIInterfaceOrientationPortrait UIInterfaceOrientationPortraitUpsideDown UIInterfaceOrientationLandscapeLeft UIInterfaceOrientationLandscapeRight";
				INFOPLIST_KEY_UISupportedInterfaceOrientations_iPhone = "UIInterfaceOrientationPortrait UIInterfaceOrientationLandscapeLeft UIInterfaceOrientationLandscapeRight";
				LD_RUNPATH_SEARCH_PATHS = (
					"$(inherited)",
					"@executable_path/Frameworks",
				);
				MARKETING_VERSION = 1.0;
				PRODUCT_BUNDLE_IDENTIFIER = com.yunuscagliyan.CinemaTracker;
				PRODUCT_NAME = "$(TARGET_NAME)";
				SWIFT_EMIT_LOC_STRINGS = YES;
				SWIFT_VERSION = 5.0;
				TARGETED_DEVICE_FAMILY = "1,2";
			};
			name = Debug;
		};
		0BFBF11C2A3719A5008BE188 /* Release */ = {
			isa = XCBuildConfiguration;
			buildSettings = {
				ASSETCATALOG_COMPILER_APPICON_NAME = AppIcon;
				ASSETCATALOG_COMPILER_GLOBAL_ACCENT_COLOR_NAME = AccentColor;
				CODE_SIGN_STYLE = Automatic;
				CURRENT_PROJECT_VERSION = 1;
				DEVELOPMENT_TEAM = GA8F67WW6Y;
				GENERATE_INFOPLIST_FILE = YES;
				INFOPLIST_FILE = CinemaTracker/Info.plist;
				INFOPLIST_KEY_UIApplicationSupportsIndirectInputEvents = YES;
				INFOPLIST_KEY_UILaunchStoryboardName = LaunchScreen;
				INFOPLIST_KEY_UISupportedInterfaceOrientations_iPad = "UIInterfaceOrientationPortrait UIInterfaceOrientationPortraitUpsideDown UIInterfaceOrientationLandscapeLeft UIInterfaceOrientationLandscapeRight";
				INFOPLIST_KEY_UISupportedInterfaceOrientations_iPhone = "UIInterfaceOrientationPortrait UIInterfaceOrientationLandscapeLeft UIInterfaceOrientationLandscapeRight";
				LD_RUNPATH_SEARCH_PATHS = (
					"$(inherited)",
					"@executable_path/Frameworks",
				);
				MARKETING_VERSION = 1.0;
				PRODUCT_BUNDLE_IDENTIFIER = com.yunuscagliyan.CinemaTracker;
				PRODUCT_NAME = "$(TARGET_NAME)";
				SWIFT_EMIT_LOC_STRINGS = YES;
				SWIFT_VERSION = 5.0;
				TARGETED_DEVICE_FAMILY = "1,2";
			};
			name = Release;
		};
		0BFBF11E2A3719A5008BE188 /* Debug */ = {
			isa = XCBuildConfiguration;
			buildSettings = {
				ALWAYS_EMBED_SWIFT_STANDARD_LIBRARIES = YES;
				BUNDLE_LOADER = "$(TEST_HOST)";
				CODE_SIGN_STYLE = Automatic;
				CURRENT_PROJECT_VERSION = 1;
				DEVELOPMENT_TEAM = GA8F67WW6Y;
				GENERATE_INFOPLIST_FILE = YES;
				IPHONEOS_DEPLOYMENT_TARGET = 16.4;
				MARKETING_VERSION = 1.0;
				PRODUCT_BUNDLE_IDENTIFIER = com.yunuscagliyan.CinemaTrackerTests;
				PRODUCT_NAME = "$(TARGET_NAME)";
				SWIFT_EMIT_LOC_STRINGS = NO;
				SWIFT_VERSION = 5.0;
				TARGETED_DEVICE_FAMILY = "1,2";
				TEST_HOST = "$(BUILT_PRODUCTS_DIR)/CinemaTracker.app/$(BUNDLE_EXECUTABLE_FOLDER_PATH)/CinemaTracker";
			};
			name = Debug;
		};
		0BFBF11F2A3719A5008BE188 /* Release */ = {
			isa = XCBuildConfiguration;
			buildSettings = {
				ALWAYS_EMBED_SWIFT_STANDARD_LIBRARIES = YES;
				BUNDLE_LOADER = "$(TEST_HOST)";
				CODE_SIGN_STYLE = Automatic;
				CURRENT_PROJECT_VERSION = 1;
				DEVELOPMENT_TEAM = GA8F67WW6Y;
				GENERATE_INFOPLIST_FILE = YES;
				IPHONEOS_DEPLOYMENT_TARGET = 16.4;
				MARKETING_VERSION = 1.0;
				PRODUCT_BUNDLE_IDENTIFIER = com.yunuscagliyan.CinemaTrackerTests;
				PRODUCT_NAME = "$(TARGET_NAME)";
				SWIFT_EMIT_LOC_STRINGS = NO;
				SWIFT_VERSION = 5.0;
				TARGETED_DEVICE_FAMILY = "1,2";
				TEST_HOST = "$(BUILT_PRODUCTS_DIR)/CinemaTracker.app/$(BUNDLE_EXECUTABLE_FOLDER_PATH)/CinemaTracker";
			};
			name = Release;
		};
		0BFBF1212A3719A5008BE188 /* Debug */ = {
			isa = XCBuildConfiguration;
			buildSettings = {
				ALWAYS_EMBED_SWIFT_STANDARD_LIBRARIES = YES;
				CODE_SIGN_STYLE = Automatic;
				CURRENT_PROJECT_VERSION = 1;
				DEVELOPMENT_TEAM = GA8F67WW6Y;
				GENERATE_INFOPLIST_FILE = YES;
				MARKETING_VERSION = 1.0;
				PRODUCT_BUNDLE_IDENTIFIER = com.yunuscagliyan.CinemaTrackerUITests;
				PRODUCT_NAME = "$(TARGET_NAME)";
				SWIFT_EMIT_LOC_STRINGS = NO;
				SWIFT_VERSION = 5.0;
				TARGETED_DEVICE_FAMILY = "1,2";
				TEST_TARGET_NAME = CinemaTracker;
			};
			name = Debug;
		};
		0BFBF1222A3719A5008BE188 /* Release */ = {
			isa = XCBuildConfiguration;
			buildSettings = {
				ALWAYS_EMBED_SWIFT_STANDARD_LIBRARIES = YES;
				CODE_SIGN_STYLE = Automatic;
				CURRENT_PROJECT_VERSION = 1;
				DEVELOPMENT_TEAM = GA8F67WW6Y;
				GENERATE_INFOPLIST_FILE = YES;
				MARKETING_VERSION = 1.0;
				PRODUCT_BUNDLE_IDENTIFIER = com.yunuscagliyan.CinemaTrackerUITests;
				PRODUCT_NAME = "$(TARGET_NAME)";
				SWIFT_EMIT_LOC_STRINGS = NO;
				SWIFT_VERSION = 5.0;
				TARGETED_DEVICE_FAMILY = "1,2";
				TEST_TARGET_NAME = CinemaTracker;
			};
			name = Release;
		};
/* End XCBuildConfiguration section */

/* Begin XCConfigurationList section */
		0BFBF0EB2A3719A5008BE188 /* Build configuration list for PBXProject "CinemaTracker" */ = {
			isa = XCConfigurationList;
			buildConfigurations = (
				0BFBF1182A3719A5008BE188 /* Debug */,
				0BFBF1192A3719A5008BE188 /* Release */,
			);
			defaultConfigurationIsVisible = 0;
			defaultConfigurationName = Release;
		};
		0BFBF11A2A3719A5008BE188 /* Build configuration list for PBXNativeTarget "CinemaTracker" */ = {
			isa = XCConfigurationList;
			buildConfigurations = (
				0BFBF11B2A3719A5008BE188 /* Debug */,
				0BFBF11C2A3719A5008BE188 /* Release */,
			);
			defaultConfigurationIsVisible = 0;
			defaultConfigurationName = Release;
		};
		0BFBF11D2A3719A5008BE188 /* Build configuration list for PBXNativeTarget "CinemaTrackerTests" */ = {
			isa = XCConfigurationList;
			buildConfigurations = (
				0BFBF11E2A3719A5008BE188 /* Debug */,
				0BFBF11F2A3719A5008BE188 /* Release */,
			);
			defaultConfigurationIsVisible = 0;
			defaultConfigurationName = Release;
		};
		0BFBF1202A3719A5008BE188 /* Build configuration list for PBXNativeTarget "CinemaTrackerUITests" */ = {
			isa = XCConfigurationList;
			buildConfigurations = (
				0BFBF1212A3719A5008BE188 /* Debug */,
				0BFBF1222A3719A5008BE188 /* Release */,
			);
			defaultConfigurationIsVisible = 0;
			defaultConfigurationName = Release;
		};
/* End XCConfigurationList section */

/* Begin XCRemoteSwiftPackageReference section */
		0B4772FD2A4835C60022F475 /* XCRemoteSwiftPackageReference "SnapKit" */ = {
			isa = XCRemoteSwiftPackageReference;
			repositoryURL = "https://github.com/SnapKit/SnapKit";
			requirement = {
				kind = upToNextMajorVersion;
				minimumVersion = 5.0.0;
			};
		};
		0B4773002A4835D80022F475 /* XCRemoteSwiftPackageReference "Alamofire" */ = {
			isa = XCRemoteSwiftPackageReference;
			repositoryURL = "https://github.com/Alamofire/Alamofire";
			requirement = {
				kind = upToNextMajorVersion;
				minimumVersion = 5.0.0;
			};
		};
		0B4773032A4835E80022F475 /* XCRemoteSwiftPackageReference "AlamofireImage" */ = {
			isa = XCRemoteSwiftPackageReference;
			repositoryURL = "https://github.com/Alamofire/AlamofireImage";
			requirement = {
				kind = upToNextMajorVersion;
				minimumVersion = 4.0.0;
			};
		};
		0B8FB3F32A5C442C00B593A2 /* XCRemoteSwiftPackageReference "CHTCollectionViewWaterfallLayout" */ = {
			isa = XCRemoteSwiftPackageReference;
			repositoryURL = "https://github.com/chiahsien/CHTCollectionViewWaterfallLayout";
			requirement = {
				kind = upToNextMajorVersion;
				minimumVersion = 0.9.10;
			};
		};
		0BD909DF2A51C30500760F07 /* XCRemoteSwiftPackageReference "AlamofireNetworkActivityLogger" */ = {
			isa = XCRemoteSwiftPackageReference;
			repositoryURL = "https://github.com/konkab/AlamofireNetworkActivityLogger";
			requirement = {
				kind = upToNextMajorVersion;
				minimumVersion = 3.0.0;
			};
		};
/* End XCRemoteSwiftPackageReference section */

/* Begin XCSwiftPackageProductDependency section */
		0B4772FE2A4835C60022F475 /* SnapKit */ = {
			isa = XCSwiftPackageProductDependency;
			package = 0B4772FD2A4835C60022F475 /* XCRemoteSwiftPackageReference "SnapKit" */;
			productName = SnapKit;
		};
		0B4773012A4835D80022F475 /* Alamofire */ = {
			isa = XCSwiftPackageProductDependency;
			package = 0B4773002A4835D80022F475 /* XCRemoteSwiftPackageReference "Alamofire" */;
			productName = Alamofire;
		};
		0B4773042A4835E80022F475 /* AlamofireImage */ = {
			isa = XCSwiftPackageProductDependency;
			package = 0B4773032A4835E80022F475 /* XCRemoteSwiftPackageReference "AlamofireImage" */;
			productName = AlamofireImage;
		};
		0B8FB3F42A5C442C00B593A2 /* CHTCollectionViewWaterfallLayout */ = {
			isa = XCSwiftPackageProductDependency;
			package = 0B8FB3F32A5C442C00B593A2 /* XCRemoteSwiftPackageReference "CHTCollectionViewWaterfallLayout" */;
			productName = CHTCollectionViewWaterfallLayout;
		};
		0BD909E02A51C30500760F07 /* AlamofireNetworkActivityLogger */ = {
			isa = XCSwiftPackageProductDependency;
			package = 0BD909DF2A51C30500760F07 /* XCRemoteSwiftPackageReference "AlamofireNetworkActivityLogger" */;
			productName = AlamofireNetworkActivityLogger;
		};
/* End XCSwiftPackageProductDependency section */
	};
	rootObject = 0BFBF0E82A3719A4008BE188 /* Project object */;
}
